
Microsoft Visual Studio Solution File, Format Version 12.00
# Visual Studio Version 16
VisualStudioVersion = 16.0.31005.135
MinimumVisualStudioVersion = 10.0.40219.1
Project("{8BC9CEB8-8B4A-11D0-8D11-00A0C91BC942}") = "BringSallyUpLog", "BringSallyUpLog\BringSallyUpLog.vcxproj", "{DB9BC21E-FB10-4994-BB82-8E8A1B478E49}"
EndProject
Global
	GlobalSection(SolutionConfigurationPlatforms) = preSolution
		Debug|x64 = Debug|x64
		Debug|x86 = Debug|x86
		Release|x64 = Release|x64
		Release|x86 = Release|x86
	EndGlobalSection
	GlobalSection(ProjectConfigurationPlatforms) = postSolution
		{DB9BC21E-FB10-4994-BB82-8E8A1B478E49}.Debug|x64.ActiveCfg = Debug|x64
		{DB9BC21E-FB10-4994-BB82-8E8A1B478E49}.Debug|x64.Build.0 = Debug|x64
		{DB9BC21E-FB10-4994-BB82-8E8A1B478E49}.Debug|x86.ActiveCfg = Debug|Win32
		{DB9BC21E-FB10-4994-BB82-8E8A1B478E49}.Debug|x86.Build.0 = Debug|Win32
		{DB9BC21E-FB10-4994-BB82-8E8A1B478E49}.Release|x64.ActiveCfg = Release|x64
		{DB9BC21E-FB10-4994-BB82-8E8A1B478E49}.Release|x64.Build.0 = Release|x64
		{DB9BC21E-FB10-4994-BB82-8E8A1B478E49}.Release|x86.ActiveCfg = Release|Win32
		{DB9BC21E-FB10-4994-BB82-8E8A1B478E49}.Release|x86.Build.0 = Release|Win32
	EndGlobalSection
	GlobalSection(SolutionProperties) = preSolution
		HideSolutionNode = FALSE
	EndGlobalSection
	GlobalSection(ExtensibilityGlobals) = postSolution
		SolutionGuid = {0ED73D73-592A-492A-988C-F8110508BE2E}
	EndGlobalSection
EndGlobal
